{
  "nodes": {
    "flake-utils": {
      "inputs": {
        "systems": "systems"
      },
      "locked": {
        "lastModified": 1731533236,
        "narHash": "sha256-l0KFg5HjrsfsO/JpG+r7fRrqm12kzFHyUHqHCVpMMbI=",
        "owner": "numtide",
        "repo": "flake-utils",
        "rev": "11707dc2f618dd54ca8739b309ec4fc024de578b",
        "type": "github"
      },
      "original": {
        "owner": "numtide",
        "repo": "flake-utils",
        "type": "github"
      }
    },
    "flake-utils_2": {
      "inputs": {
        "systems": "systems_2"
      },
      "locked": {
        "lastModified": 1731533236,
        "narHash": "sha256-l0KFg5HjrsfsO/JpG+r7fRrqm12kzFHyUHqHCVpMMbI=",
        "owner": "numtide",
        "repo": "flake-utils",
        "rev": "11707dc2f618dd54ca8739b309ec4fc024de578b",
        "type": "github"
      },
      "original": {
        "owner": "numtide",
        "repo": "flake-utils",
        "type": "github"
      }
    },
    "gascity-fork-dolt-amp": {
      "flake": false,
      "locked": {
        "lastModified": 1778021353,
        "narHash": "sha256-ywKBMrUfYwnKkywnJ765UbAs0/rgL9vrcOuYu8GpfjI=",
        "owner": "LiGoldragon",
        "repo": "gascity",
        "rev": "6462edf36cefa88bde03f19439173a3bc821a708",
        "type": "github"
      },
      "original": {
        "owner": "LiGoldragon",
        "repo": "gascity",
        "rev": "6462edf36cefa88bde03f19439173a3bc821a708",
        "type": "github"
      }
    },
    "gascity-fork-issue-prefix": {
      "flake": false,
      "locked": {
        "lastModified": 1778020280,
        "narHash": "sha256-cAvbtNquGgmhh1CPrUfTQlG3+6HzwiOI3CCKyNqOiuU=",
        "owner": "LiGoldragon",
        "repo": "gascity",
        "rev": "89b035f0d5a767668f6878d5229a46096f3cb2da",
        "type": "github"
      },
      "original": {
        "owner": "LiGoldragon",
        "repo": "gascity",
        "rev": "89b035f0d5a767668f6878d5229a46096f3cb2da",
        "type": "github"
      }
    },
    "gascity-nix": {
      "inputs": {
        "flake-utils": "flake-utils_2",
        "nixpkgs": [
          "nixpkgs"
        ]
      },
      "locked": {
        "lastModified": 1778015190,
        "narHash": "sha256-FJknRVEegO+Ckvy3ebp6t2N1e4F+8dOM3pdHRRPFqyY=",
        "owner": "LiGoldragon",
        "repo": "gascity-nix",
        "rev": "1b7461a6f09c3659b40d24577ef378d2006b52be",
        "type": "github"
      },
      "original": {
        "owner": "LiGoldragon",
        "repo": "gascity-nix",
        "type": "github"
      }
    },
    "gascity-upstream-main": {
      "flake": false,
      "locked": {
        "lastModified": 1777705975,
        "narHash": "sha256-4d0seiqbwoXEeQ6CM3Y9Yuo9YWTYAFSodNcu7Tq3g6A=",
        "owner": "gastownhall",
        "repo": "gascity",
        "rev": "4be4d44be6df85b1c8b7f20c4afcc98fc1713dcc",
        "type": "github"
      },
      "original": {
        "owner": "gastownhall",
        "repo": "gascity",
        "rev": "4be4d44be6df85b1c8b7f20c4afcc98fc1713dcc",
        "type": "github"
      }
    },
    "gascity-v1-0": {
      "flake": false,
      "locked": {
        "lastModified": 1776790483,
        "narHash": "sha256-ugH+hw0Mo/gHXdcvn06fzIEaUjdjqBOFh8g+LL8rK44=",
        "owner": "gastownhall",
        "repo": "gascity",
        "rev": "67c821c76f17226883e7153a324dadcfe80ec211",
        "type": "github"
      },
      "original": {
        "owner": "gastownhall",
        "ref": "v1.0.0",
        "repo": "gascity",
        "type": "github"
      }
    },
    "nixpkgs": {
      "locked": {
        "lastModified": 1777954456,
        "narHash": "sha256-hGdgeU2Nk87RAuZyYjyDjFL6LK7dAZN5RE9+hrDTkDU=",
        "owner": "NixOS",
        "repo": "nixpkgs",
        "rev": "549bd84d6279f9852cae6225e372cc67fb91a4c1",
        "type": "github"
      },
      "original": {
        "owner": "NixOS",
        "ref": "nixos-unstable",
        "repo": "nixpkgs",
        "type": "github"
      }
    },
    "root": {
      "inputs": {
        "flake-utils": "flake-utils",
        "gascity-fork-dolt-amp": "gascity-fork-dolt-amp",
        "gascity-fork-issue-prefix": "gascity-fork-issue-prefix",
        "gascity-nix": "gascity-nix",
        "gascity-upstream-main": "gascity-upstream-main",
        "gascity-v1-0": "gascity-v1-0",
        "nixpkgs": "nixpkgs"
      }
    },
    "systems": {
      "locked": {
        "lastModified": 1681028828,
        "narHash": "sha256-Vy1rq5AaRuLzOxct8nz4T6wlgyUR7zLU309k9mBC768=",
        "owner": "nix-systems",
        "repo": "default",
        "rev": "da67096a3b9bf56a91d16901293e51ba5b49a27e",
        "type": "github"
      },
      "original": {
        "owner": "nix-systems",
        "repo": "default",
        "type": "github"
      }
    },
    "systems_2": {
      "locked": {
        "lastModified": 1681028828,
        "narHash": "sha256-Vy1rq5AaRuLzOxct8nz4T6wlgyUR7zLU309k9mBC768=",
        "owner": "nix-systems",
        "repo": "default",
        "rev": "da67096a3b9bf56a91d16901293e51ba5b49a27e",
        "type": "github"
      },
      "original": {
        "owner": "nix-systems",
        "repo": "default",
        "type": "github"
      }
    }
  },
  "root": "root",
  "version": 7
}
